
Microsoft Visual Studio Solution File, Format Version 12.00
# Visual Studio Version 16
VisualStudioVersion = 16.0.31624.102
MinimumVisualStudioVersion = 10.0.40219.1
Project("{FAE04EC0-301F-11D3-BF4B-00C04F79EFBC}") = "Kitchen.UI", "Kitchen.UI\Kitchen.UI.csproj", "{39EDB2DE-0931-440F-8301-4D6484E49CAD}"
EndProject
Project("{FAE04EC0-301F-11D3-BF4B-00C04F79EFBC}") = "Kitchen.Model", "Kitchen.Model\Kitchen.Model.csproj", "{DD8AA01F-9200-4BE1-9087-3B6B54D41E1C}"
EndProject
Project("{FAE04EC0-301F-11D3-BF4B-00C04F79EFBC}") = "Kitchen.UI.Tests", "Kitchen.UI.Tests\Kitchen.UI.Tests.csproj", "{BEB4F1FD-A535-4DF3-A4ED-28192E860E29}"
EndProject
Project("{FAE04EC0-301F-11D3-BF4B-00C04F79EFBC}") = "Kitchen.DataAccess", "Kitchen.DataAccess\Kitchen.DataAccess.csproj", "{5E68DE90-9EFF-449A-B71E-595C9FFCCD9C}"
EndProject
Global
	GlobalSection(SolutionConfigurationPlatforms) = preSolution
		Debug|Any CPU = Debug|Any CPU
		Release|Any CPU = Release|Any CPU
	EndGlobalSection
	GlobalSection(ProjectConfigurationPlatforms) = postSolution
		{39EDB2DE-0931-440F-8301-4D6484E49CAD}.Debug|Any CPU.ActiveCfg = Debug|Any CPU
		{39EDB2DE-0931-440F-8301-4D6484E49CAD}.Debug|Any CPU.Build.0 = Debug|Any CPU
		{39EDB2DE-0931-440F-8301-4D6484E49CAD}.Release|Any CPU.ActiveCfg = Release|Any CPU
		{39EDB2DE-0931-440F-8301-4D6484E49CAD}.Release|Any CPU.Build.0 = Release|Any CPU
		{DD8AA01F-9200-4BE1-9087-3B6B54D41E1C}.Debug|Any CPU.ActiveCfg = Debug|Any CPU
		{DD8AA01F-9200-4BE1-9087-3B6B54D41E1C}.Debug|Any CPU.Build.0 = Debug|Any CPU
		{DD8AA01F-9200-4BE1-9087-3B6B54D41E1C}.Release|Any CPU.ActiveCfg = Release|Any CPU
		{DD8AA01F-9200-4BE1-9087-3B6B54D41E1C}.Release|Any CPU.Build.0 = Release|Any CPU
		{BEB4F1FD-A535-4DF3-A4ED-28192E860E29}.Debug|Any CPU.ActiveCfg = Debug|Any CPU
		{BEB4F1FD-A535-4DF3-A4ED-28192E860E29}.Debug|Any CPU.Build.0 = Debug|Any CPU
		{BEB4F1FD-A535-4DF3-A4ED-28192E860E29}.Release|Any CPU.ActiveCfg = Release|Any CPU
		{BEB4F1FD-A535-4DF3-A4ED-28192E860E29}.Release|Any CPU.Build.0 = Release|Any CPU
		{5E68DE90-9EFF-449A-B71E-595C9FFCCD9C}.Debug|Any CPU.ActiveCfg = Debug|Any CPU
		{5E68DE90-9EFF-449A-B71E-595C9FFCCD9C}.Debug|Any CPU.Build.0 = Debug|Any CPU
		{5E68DE90-9EFF-449A-B71E-595C9FFCCD9C}.Release|Any CPU.ActiveCfg = Release|Any CPU
		{5E68DE90-9EFF-449A-B71E-595C9FFCCD9C}.Release|Any CPU.Build.0 = Release|Any CPU
	EndGlobalSection
	GlobalSection(SolutionProperties) = preSolution
		HideSolutionNode = FALSE
	EndGlobalSection
	GlobalSection(ExtensibilityGlobals) = postSolution
		SolutionGuid = {84F30A7B-8119-4930-9076-5CAE1F4D03F7}
	EndGlobalSection
EndGlobal
